{
  "name": "paper",
  "version": "1.0.0",
  "lockfileVersion": 1,
  "requires": true,
  "dependencies": {
    "@babel/runtime": {
      "version": "7.6.3",
      "resolved": "https://registry.npmjs.org/@babel/runtime/-/runtime-7.6.3.tgz",
      "integrity": "sha512-kq6anf9JGjW8Nt5rYfEuGRaEAaH1mkv3Bbu6rYvLOpPh/RusSJXuKPEAoZ7L7gybZkchE8+NV5g9vKF4AGAtsA==",
      "requires": {
        "regenerator-runtime": "^0.13.2"
      }
    },
    "better-sqlite3": {
      "version": "5.4.3",
      "resolved": "https://registry.npmjs.org/better-sqlite3/-/better-sqlite3-5.4.3.tgz",
      "integrity": "sha512-fPp+8f363qQIhuhLyjI4bu657J/FfMtgiiHKfaTsj3RWDkHlWC1yT7c6kHZDnBxzQVoAINuzg553qKmZ4F1rEw==",
      "requires": {
        "integer": "^2.1.0",
        "tar": "^4.4.10"
      }
    },
    "chownr": {
      "version": "1.1.3",
      "resolved": "https://registry.npmjs.org/chownr/-/chownr-1.1.3.tgz",
      "integrity": "sha512-i70fVHhmV3DtTl6nqvZOnIjbY0Pe4kAUjwHj8z0zAdgBtYrJyYwLKCCuRBQ5ppkyL0AkN7HKRnETdmdp1zqNXw=="
    },
    "dotenv": {
      "version": "8.2.0",
      "resolved": "https://registry.npmjs.org/dotenv/-/dotenv-8.2.0.tgz",
      "integrity": "sha512-8sJ78ElpbDJBHNeBzUbUVLsqKdccaa/BXF1uPTw3GrvQTBgrQrtObr2mUrE38vzYd8cEv+m/JBfDLioYcfXoaw=="
    },
    "enmap": {
      "version": "5.2.1",
      "resolved": "https://registry.npmjs.org/enmap/-/enmap-5.2.1.tgz",
      "integrity": "sha512-xLPp1+iomDeZHVaGExNAQGllOzN2q822OEa1/uqMSlKtTEacyqTW0aCbkbqweVKTC4Fm+6E745KqJcTP9OnVpg==",
      "requires": {
        "lodash": "^4.17.15"
      }
    },
    "fs-minipass": {
      "version": "1.2.7",
      "resolved": "https://registry.npmjs.org/fs-minipass/-/fs-minipass-1.2.7.tgz",
      "integrity": "sha512-GWSSJGFy4e9GUeCcbIkED+bgAoFyj7XF1mV8rma3QW4NIqX9Kyx79N/PF61H5udOV3aY1IaMLs6pGbH71nlCTA==",
      "requires": {
        "minipass": "^2.6.0"
      }
    },
    "iconv": {
      "version": "2.2.3",
      "resolved": "https://registry.npmjs.org/iconv/-/iconv-2.2.3.tgz",
      "integrity": "sha1-4ITWDut9c9p/CpwJbkyKvgkL+u0=",
      "optional": true,
      "requires": {
        "nan": "^2.3.5"
      }
    },
    "integer": {
      "version": "2.1.0",
      "resolved": "https://registry.npmjs.org/integer/-/integer-2.1.0.tgz",
      "integrity": "sha512-vBtiSgrEiNocWvvZX1RVfeOKa2mCHLZQ2p9nkQkQZ/BvEiY+6CcUz0eyjvIiewjJoeNidzg2I+tpPJvpyspL1w=="
    },
    "irc": {
      "version": "0.5.2",
      "resolved": "https://registry.npmjs.org/irc/-/irc-0.5.2.tgz",
      "integrity": "sha1-NxT0doNlqW0LL3dryRFmvrJGS7w=",
      "requires": {
        "iconv": "~2.2.1",
        "irc-colors": "^1.1.0",
        "node-icu-charset-detector": "~0.2.0"
      }
    },
    "irc-colors": {
      "version": "1.5.0",
      "resolved": "https://registry.npmjs.org/irc-colors/-/irc-colors-1.5.0.tgz",
      "integrity": "sha512-HtszKchBQTcqw1DC09uD7i7vvMayHGM1OCo6AHt5pkgZEyo99ClhHTMJdf+Ezc9ovuNNxcH89QfyclGthjZJOw=="
    },
    "lodash": {
      "version": "4.17.19",
      "resolved": "https://registry.npmjs.org/lodash/-/lodash-4.17.19.tgz",
      "integrity": "sha512-JNvd8XER9GQX0v2qJgsaN/mzFCNA5BRe/j8JN9d+tWyGLSodKQHKFicdwNYzWwI3wjRnaKPsGj1XkBjx/F96DQ=="
    },
    "minimist": {
      "version": "0.0.8",
      "resolved": "https://registry.npmjs.org/minimist/-/minimist-0.0.8.tgz",
      "integrity": "sha1-hX/Kv8M5fSYluCKCYuhqp6ARsF0="
    },
    "minipass": {
      "version": "2.9.0",
      "resolved": "https://registry.npmjs.org/minipass/-/minipass-2.9.0.tgz",
      "integrity": "sha512-wxfUjg9WebH+CUDX/CdbRlh5SmfZiy/hpkxaRI16Y9W56Pa75sWgd/rvFilSgrauD9NyFymP/+JFV3KwzIsJeg==",
      "requires": {
        "safe-buffer": "^5.1.2",
        "yallist": "^3.0.0"
      }
    },
    "minizlib": {
      "version": "1.3.3",
      "resolved": "https://registry.npmjs.org/minizlib/-/minizlib-1.3.3.tgz",
      "integrity": "sha512-6ZYMOEnmVsdCeTJVE0W9ZD+pVnE8h9Hma/iOwwRDsdQoePpoX56/8B6z3P9VNwppJuBKNRuFDRNRqRWexT9G9Q==",
      "requires": {
        "minipass": "^2.9.0"
      }
    },
    "mkdirp": {
      "version": "0.5.1",
      "resolved": "https://registry.npmjs.org/mkdirp/-/mkdirp-0.5.1.tgz",
      "integrity": "sha1-MAV0OOrGz3+MR2fzhkjWaX11yQM=",
      "requires": {
        "minimist": "0.0.8"
      }
    },
    "nan": {
      "version": "2.14.0",
      "resolved": "https://registry.npmjs.org/nan/-/nan-2.14.0.tgz",
      "integrity": "sha512-INOFj37C7k3AfaNTtX8RhsTw7qRy7eLET14cROi9+5HAVbbHuIWUHEauBv5qT4Av2tWasiTY1Jw6puUNqRJXQg==",
      "optional": true
    },
    "node-icu-charset-detector": {
      "version": "0.2.0",
      "resolved": "https://registry.npmjs.org/node-icu-charset-detector/-/node-icu-charset-detector-0.2.0.tgz",
      "integrity": "sha1-wjINo3Tdy2cfxUy0oOBB4Vb/1jk=",
      "optional": true,
      "requires": {
        "nan": "^2.3.3"
      }
    },
    "parseargs.js": {
      "version": "1.1.1",
      "resolved": "https://registry.npmjs.org/parseargs.js/-/parseargs.js-1.1.1.tgz",
      "integrity": "sha1-GR3rg7kENi1CM+LiabBpmc0gsjU="
    },
    "regenerator-runtime": {
      "version": "0.13.3",
      "resolved": "https://registry.npmjs.org/regenerator-runtime/-/regenerator-runtime-0.13.3.tgz",
      "integrity": "sha512-naKIZz2GQ8JWh///G7L3X6LaQUAMp2lvb1rvwwsURe/VXwD6VMfr+/1NuNw3ag8v2kY1aQ/go5SNn79O9JU7yw=="
    },
    "safe-buffer": {
      "version": "5.2.0",
      "resolved": "https://registry.npmjs.org/safe-buffer/-/safe-buffer-5.2.0.tgz",
      "integrity": "sha512-fZEwUGbVl7kouZs1jCdMLdt95hdIv0ZeHg6L7qPeciMZhZ+/gdesW4wgTARkrFWEpspjEATAzUGPG8N2jJiwbg=="
    },
    "tar": {
      "version": "4.4.15",
      "resolved": "https://registry.npmjs.org/tar/-/tar-4.4.15.tgz",
      "integrity": "sha512-ItbufpujXkry7bHH9NpQyTXPbJ72iTlXgkBAYsAjDXk3Ds8t/3NfO5P4xZGy7u+sYuQUbimgzswX4uQIEeNVOA==",
      "requires": {
        "chownr": "^1.1.1",
        "fs-minipass": "^1.2.5",
        "minipass": "^2.8.6",
        "minizlib": "^1.2.1",
        "mkdirp": "^0.5.0",
        "safe-buffer": "^5.1.2",
        "yallist": "^3.0.3"
      }
    },
    "yallist": {
      "version": "3.1.1",
      "resolved": "https://registry.npmjs.org/yallist/-/yallist-3.1.1.tgz",
      "integrity": "sha512-a4UGQaWPH59mOXUYnAG2ewncQS4i4F43Tv3JoAM+s2VDAmS9NsK8GpDMLrCHPksFT7h3K6TOoUNn2pb7RoXx4g=="
    },
    "yaml": {
      "version": "1.7.2",
      "resolved": "https://registry.npmjs.org/yaml/-/yaml-1.7.2.tgz",
      "integrity": "sha512-qXROVp90sb83XtAoqE8bP9RwAkTTZbugRUTm5YeFCBfNRPEp2YzTeqWiz7m5OORHzEvrA/qcGS8hp/E+MMROYw==",
      "requires": {
        "@babel/runtime": "^7.6.3"
      }
    }
  }
}
